// !$*UTF8*$!
{
	archiveVersion = 1;
	classes = {
	};
	objectVersion = 46;
	objects = {

/* Begin PBXBuildFile section */
		006D720419952D00008149E2 /* AVFoundation.framework in Frameworks */ = {isa = PBXBuildFile; fileRef = 006D720219952D00008149E2 /* AVFoundation.framework */; };
		006D720519952D00008149E2 /* CoreMedia.framework in Frameworks */ = {isa = PBXBuildFile; fileRef = 006D720319952D00008149E2 /* CoreMedia.framework */; };
		0091D8F90E81B9330029341E /* OpenGL.framework in Frameworks */ = {isa = PBXBuildFile; fileRef = 0091D8F80E81B9330029341E /* OpenGL.framework */; };
		00B784B30FF439BC000DE1D7 /* Accelerate.framework in Frameworks */ = {isa = PBXBuildFile; fileRef = 00B784AF0FF439BC000DE1D7 /* Accelerate.framework */; };
		00B784B40FF439BC000DE1D7 /* AudioToolbox.framework in Frameworks */ = {isa = PBXBuildFile; fileRef = 00B784B00FF439BC000DE1D7 /* AudioToolbox.framework */; };
		00B784B50FF439BC000DE1D7 /* AudioUnit.framework in Frameworks */ = {isa = PBXBuildFile; fileRef = 00B784B10FF439BC000DE1D7 /* AudioUnit.framework */; };
		00B784B60FF439BC000DE1D7 /* CoreAudio.framework in Frameworks */ = {isa = PBXBuildFile; fileRef = 00B784B20FF439BC000DE1D7 /* CoreAudio.framework */; };
		00B9955A1B128DF400A5C623 /* IOKit.framework in Frameworks */ = {isa = PBXBuildFile; fileRef = 00B995581B128DF400A5C623 /* IOKit.framework */; };
		00B9955B1B128DF400A5C623 /* IOSurface.framework in Frameworks */ = {isa = PBXBuildFile; fileRef = 00B995591B128DF400A5C623 /* IOSurface.framework */; };
		158EAD9106DD4A5384AA445D /* SettingController.cpp in Sources */ = {isa = PBXBuildFile; fileRef = F14EC6BD85AB4C55A67D822A /* SettingController.cpp */; };
		181A6485359A4A04AC5AED8E /* NotificationLogger.cpp in Sources */ = {isa = PBXBuildFile; fileRef = 12E68E4B480B410FAEE52AA5 /* NotificationLogger.cpp */; };
		27EC12BF46324CC6B9E35769 /* WarpBilinear.cpp in Sources */ = {isa = PBXBuildFile; fileRef = 276643A2E47B4DB69540EEAA /* WarpBilinear.cpp */; };
		33DBD6C853834710B2D89B85 /* SettingManager.cpp in Sources */ = {isa = PBXBuildFile; fileRef = 6FB99A42F634475F9ACC143A /* SettingManager.cpp */; };
		3907DBF166EC484389CB608B /* Osc.cpp in Sources */ = {isa = PBXBuildFile; fileRef = CA8E7BF48FC04B9488CE8D72 /* Osc.cpp */; };
		3FC86CCAE3B94C949CCC8C8A /* WarpPerspective.cpp in Sources */ = {isa = PBXBuildFile; fileRef = 48EBA8E5DA884D319FC306B2 /* WarpPerspective.cpp */; };
		505F84CB222EE744002AFC56 /* GlobalSettings.cpp in Sources */ = {isa = PBXBuildFile; fileRef = 505F84C1222EE744002AFC56 /* GlobalSettings.cpp */; };
		505F84CC222EE744002AFC56 /* NetworkHelper.cpp in Sources */ = {isa = PBXBuildFile; fileRef = 505F84C2222EE744002AFC56 /* NetworkHelper.cpp */; };
		505F84CD222EE744002AFC56 /* Composition.cpp in Sources */ = {isa = PBXBuildFile; fileRef = 505F84C3222EE744002AFC56 /* Composition.cpp */; };
		505F84CE222EE744002AFC56 /* BrushManager.cpp in Sources */ = {isa = PBXBuildFile; fileRef = 505F84C4222EE744002AFC56 /* BrushManager.cpp */; };
		5323E6B20EAFCA74003A9687 /* CoreVideo.framework in Frameworks */ = {isa = PBXBuildFile; fileRef = 5323E6B10EAFCA74003A9687 /* CoreVideo.framework */; };
		5A60C80110724ABFA6C791BA /* Warp.cpp in Sources */ = {isa = PBXBuildFile; fileRef = BAC9BA945EC64ABAAA01D1FC /* Warp.cpp */; };
		8D11072F0486CEB800E47090 /* Cocoa.framework in Frameworks */ = {isa = PBXBuildFile; fileRef = 1058C7A1FEA54F0111CA2CBB /* Cocoa.framework */; };
		C90CB9869E9740ADB5A3449E /* CinderApp.icns in Resources */ = {isa = PBXBuildFile; fileRef = 5B05071BD2324C7A86A63617 /* CinderApp.icns */; };
		DCB530845CCC4BF1B8C9156C /* LineProjector2App.cpp in Sources */ = {isa = PBXBuildFile; fileRef = 15BFE965442040CBBF7075BA /* LineProjector2App.cpp */; };
		E1D6B60D793E4AF38C3EAF6D /* NotificationManager.cpp in Sources */ = {isa = PBXBuildFile; fileRef = CDEB39BD31374DDFA967AD84 /* NotificationManager.cpp */; };
		E69D33D4B4E4457F8F19DA9F /* WarpPerspectiveBilinear.cpp in Sources */ = {isa = PBXBuildFile; fileRef = 3AC39CFC7677499D945B107A /* WarpPerspectiveBilinear.cpp */; };
/* End PBXBuildFile section */

/* Begin PBXFileReference section */
		006D720219952D00008149E2 /* AVFoundation.framework */ = {isa = PBXFileReference; lastKnownFileType = wrapper.framework; name = AVFoundation.framework; path = System/Library/Frameworks/AVFoundation.framework; sourceTree = SDKROOT; };
		006D720319952D00008149E2 /* CoreMedia.framework */ = {isa = PBXFileReference; lastKnownFileType = wrapper.framework; name = CoreMedia.framework; path = System/Library/Frameworks/CoreMedia.framework; sourceTree = SDKROOT; };
		0091D8F80E81B9330029341E /* OpenGL.framework */ = {isa = PBXFileReference; lastKnownFileType = wrapper.framework; name = OpenGL.framework; path = /System/Library/Frameworks/OpenGL.framework; sourceTree = "<absolute>"; };
		00B784AF0FF439BC000DE1D7 /* Accelerate.framework */ = {isa = PBXFileReference; lastKnownFileType = wrapper.framework; name = Accelerate.framework; path = System/Library/Frameworks/Accelerate.framework; sourceTree = SDKROOT; };
		00B784B00FF439BC000DE1D7 /* AudioToolbox.framework */ = {isa = PBXFileReference; lastKnownFileType = wrapper.framework; name = AudioToolbox.framework; path = System/Library/Frameworks/AudioToolbox.framework; sourceTree = SDKROOT; };
		00B784B10FF439BC000DE1D7 /* AudioUnit.framework */ = {isa = PBXFileReference; lastKnownFileType = wrapper.framework; name = AudioUnit.framework; path = System/Library/Frameworks/AudioUnit.framework; sourceTree = SDKROOT; };
		00B784B20FF439BC000DE1D7 /* CoreAudio.framework */ = {isa = PBXFileReference; lastKnownFileType = wrapper.framework; name = CoreAudio.framework; path = System/Library/Frameworks/CoreAudio.framework; sourceTree = SDKROOT; };
		00B995581B128DF400A5C623 /* IOKit.framework */ = {isa = PBXFileReference; lastKnownFileType = wrapper.framework; name = IOKit.framework; path = System/Library/Frameworks/IOKit.framework; sourceTree = SDKROOT; };
		00B995591B128DF400A5C623 /* IOSurface.framework */ = {isa = PBXFileReference; lastKnownFileType = wrapper.framework; name = IOSurface.framework; path = System/Library/Frameworks/IOSurface.framework; sourceTree = SDKROOT; };
		0DE9C56F1185468590DF52E4 /* LineProjector2_Prefix.pch */ = {isa = PBXFileReference; lastKnownFileType = "\"\""; path = LineProjector2_Prefix.pch; sourceTree = "<group>"; };
		1058C7A1FEA54F0111CA2CBB /* Cocoa.framework */ = {isa = PBXFileReference; lastKnownFileType = wrapper.framework; name = Cocoa.framework; path = /System/Library/Frameworks/Cocoa.framework; sourceTree = "<absolute>"; };
		12E68E4B480B410FAEE52AA5 /* NotificationLogger.cpp */ = {isa = PBXFileReference; lastKnownFileType = sourcecode.c.cpp; name = NotificationLogger.cpp; path = ../blocks/Base/src/Notifications/NotificationLogger.cpp; sourceTree = "<group>"; };
		15BFE965442040CBBF7075BA /* LineProjector2App.cpp */ = {isa = PBXFileReference; lastKnownFileType = sourcecode.c.cpp; name = LineProjector2App.cpp; path = ../src/LineProjector2App.cpp; sourceTree = "<group>"; };
		18070AE9CF9E4D7DB2F21A22 /* Warp.h */ = {isa = PBXFileReference; lastKnownFileType = sourcecode.c.h; name = Warp.h; path = "../blocks/Cinder-Warping/include/Warp.h"; sourceTree = "<group>"; };
		276643A2E47B4DB69540EEAA /* WarpBilinear.cpp */ = {isa = PBXFileReference; lastKnownFileType = sourcecode.c.cpp; name = WarpBilinear.cpp; path = "../blocks/Cinder-Warping/src/WarpBilinear.cpp"; sourceTree = "<group>"; };
		29B97324FDCFA39411CA2CEA /* AppKit.framework */ = {isa = PBXFileReference; lastKnownFileType = wrapper.framework; name = AppKit.framework; path = /System/Library/Frameworks/AppKit.framework; sourceTree = "<absolute>"; };
		29B97325FDCFA39411CA2CEA /* Foundation.framework */ = {isa = PBXFileReference; lastKnownFileType = wrapper.framework; name = Foundation.framework; path = /System/Library/Frameworks/Foundation.framework; sourceTree = "<absolute>"; };
		2FCD182BEB6248D781756B20 /* NotificationLogger.h */ = {isa = PBXFileReference; lastKnownFileType = sourcecode.c.h; name = NotificationLogger.h; path = ../blocks/Base/src/Notifications/NotificationLogger.h; sourceTree = "<group>"; };
		386E1D50087146FC833429E2 /* poHelper.h */ = {isa = PBXFileReference; lastKnownFileType = sourcecode.c.h; name = poHelper.h; path = ../blocks/Base/src/poHelper.h; sourceTree = "<group>"; };
		3870AF2B245E41379142FFF5 /* SettingManager.h */ = {isa = PBXFileReference; lastKnownFileType = sourcecode.c.h; name = SettingManager.h; path = ../blocks/Base/src/Settings/SettingManager.h; sourceTree = "<group>"; };
		3AC39CFC7677499D945B107A /* WarpPerspectiveBilinear.cpp */ = {isa = PBXFileReference; lastKnownFileType = sourcecode.c.cpp; name = WarpPerspectiveBilinear.cpp; path = "../blocks/Cinder-Warping/src/WarpPerspectiveBilinear.cpp"; sourceTree = "<group>"; };
		3CFCB388D2DF4BD290BC01D3 /* NotificationManager.h */ = {isa = PBXFileReference; lastKnownFileType = sourcecode.c.h; name = NotificationManager.h; path = ../blocks/Base/src/Notifications/NotificationManager.h; sourceTree = "<group>"; };
		46042EDD41224BF89A06B7C4 /* SettingController.h */ = {isa = PBXFileReference; lastKnownFileType = sourcecode.c.h; name = SettingController.h; path = ../blocks/Base/src/Settings/SettingController.h; sourceTree = "<group>"; };
		48EBA8E5DA884D319FC306B2 /* WarpPerspective.cpp */ = {isa = PBXFileReference; lastKnownFileType = sourcecode.c.cpp; name = WarpPerspective.cpp; path = "../blocks/Cinder-Warping/src/WarpPerspective.cpp"; sourceTree = "<group>"; };
		505F84C1222EE744002AFC56 /* GlobalSettings.cpp */ = {isa = PBXFileReference; fileEncoding = 4; lastKnownFileType = sourcecode.cpp.cpp; path = GlobalSettings.cpp; sourceTree = "<group>"; };
		505F84C2222EE744002AFC56 /* NetworkHelper.cpp */ = {isa = PBXFileReference; fileEncoding = 4; lastKnownFileType = sourcecode.cpp.cpp; path = NetworkHelper.cpp; sourceTree = "<group>"; };
		505F84C3222EE744002AFC56 /* Composition.cpp */ = {isa = PBXFileReference; fileEncoding = 4; lastKnownFileType = sourcecode.cpp.cpp; path = Composition.cpp; sourceTree = "<group>"; };
		505F84C4222EE744002AFC56 /* BrushManager.cpp */ = {isa = PBXFileReference; fileEncoding = 4; lastKnownFileType = sourcecode.cpp.cpp; path = BrushManager.cpp; sourceTree = "<group>"; };
		505F84C5222EE744002AFC56 /* Composition.hpp */ = {isa = PBXFileReference; fileEncoding = 4; lastKnownFileType = sourcecode.cpp.h; path = Composition.hpp; sourceTree = "<group>"; };
		505F84C6222EE744002AFC56 /* GlobalSettings.h */ = {isa = PBXFileReference; fileEncoding = 4; lastKnownFileType = sourcecode.c.h; path = GlobalSettings.h; sourceTree = "<group>"; };
		505F84C7222EE744002AFC56 /* BrushManager.h */ = {isa = PBXFileReference; fileEncoding = 4; lastKnownFileType = sourcecode.c.h; path = BrushManager.h; sourceTree = "<group>"; };
		505F84C8222EE744002AFC56 /* WindowData.h */ = {isa = PBXFileReference; fileEncoding = 4; lastKnownFileType = sourcecode.c.h; path = WindowData.h; sourceTree = "<group>"; };
		505F84C9222EE744002AFC56 /* Lab101Utils.h */ = {isa = PBXFileReference; fileEncoding = 4; lastKnownFileType = sourcecode.c.h; path = Lab101Utils.h; sourceTree = "<group>"; };
		505F84CA222EE744002AFC56 /* NetworkHelper.h */ = {isa = PBXFileReference; fileEncoding = 4; lastKnownFileType = sourcecode.c.h; path = NetworkHelper.h; sourceTree = "<group>"; };
		5323E6B10EAFCA74003A9687 /* CoreVideo.framework */ = {isa = PBXFileReference; lastKnownFileType = wrapper.framework; name = CoreVideo.framework; path = /System/Library/Frameworks/CoreVideo.framework; sourceTree = "<absolute>"; };
		54B674F858B0467EB8804FDA /* Info.plist */ = {isa = PBXFileReference; lastKnownFileType = text.plist.xml; path = Info.plist; sourceTree = "<group>"; };
		5B05071BD2324C7A86A63617 /* CinderApp.icns */ = {isa = PBXFileReference; lastKnownFileType = image.icns; name = CinderApp.icns; path = ../resources/CinderApp.icns; sourceTree = "<group>"; };
		6C6F4407FD50461D9CB33C61 /* Resources.h */ = {isa = PBXFileReference; lastKnownFileType = sourcecode.c.h; name = Resources.h; path = ../include/Resources.h; sourceTree = "<group>"; };
		6FB99A42F634475F9ACC143A /* SettingManager.cpp */ = {isa = PBXFileReference; lastKnownFileType = sourcecode.c.cpp; name = SettingManager.cpp; path = ../blocks/Base/src/Settings/SettingManager.cpp; sourceTree = "<group>"; };
		87647F57AEB74E8E8EDBE54F /* Singleton.h */ = {isa = PBXFileReference; lastKnownFileType = sourcecode.c.h; name = Singleton.h; path = ../blocks/Base/src/Singleton.h; sourceTree = "<group>"; };
		89790A4ECC88428FB36A5FB5 /* SettingBase.h */ = {isa = PBXFileReference; lastKnownFileType = sourcecode.c.h; name = SettingBase.h; path = ../blocks/Base/src/Settings/SettingBase.h; sourceTree = "<group>"; };
		8D1107320486CEB800E47090 /* LineProjector2.app */ = {isa = PBXFileReference; explicitFileType = wrapper.application; includeInIndex = 0; path = LineProjector2.app; sourceTree = BUILT_PRODUCTS_DIR; };
		B1F22C5BB9074395A5B63756 /* Osc.h */ = {isa = PBXFileReference; lastKnownFileType = sourcecode.c.h; name = Osc.h; path = ../blocks/OSC/src/cinder/osc/Osc.h; sourceTree = "<group>"; };
		BAC9BA945EC64ABAAA01D1FC /* Warp.cpp */ = {isa = PBXFileReference; lastKnownFileType = sourcecode.c.cpp; name = Warp.cpp; path = "../blocks/Cinder-Warping/src/Warp.cpp"; sourceTree = "<group>"; };
		C0809B21E9D2410D9AD7E7F4 /* SettingString.h */ = {isa = PBXFileReference; lastKnownFileType = sourcecode.c.h; name = SettingString.h; path = ../blocks/Base/src/Settings/SettingString.h; sourceTree = "<group>"; };
		CA8E7BF48FC04B9488CE8D72 /* Osc.cpp */ = {isa = PBXFileReference; lastKnownFileType = sourcecode.c.cpp; name = Osc.cpp; path = ../blocks/OSC/src/cinder/osc/Osc.cpp; sourceTree = "<group>"; };
		CDEB39BD31374DDFA967AD84 /* NotificationManager.cpp */ = {isa = PBXFileReference; lastKnownFileType = sourcecode.c.cpp; name = NotificationManager.cpp; path = ../blocks/Base/src/Notifications/NotificationManager.cpp; sourceTree = "<group>"; };
		F14EC6BD85AB4C55A67D822A /* SettingController.cpp */ = {isa = PBXFileReference; lastKnownFileType = sourcecode.c.cpp; name = SettingController.cpp; path = ../blocks/Base/src/Settings/SettingController.cpp; sourceTree = "<group>"; };
/* End PBXFileReference section */

/* Begin PBXFrameworksBuildPhase section */
		8D11072E0486CEB800E47090 /* Frameworks */ = {
			isa = PBXFrameworksBuildPhase;
			buildActionMask = 2147483647;
			files = (
				006D720419952D00008149E2 /* AVFoundation.framework in Frameworks */,
				006D720519952D00008149E2 /* CoreMedia.framework in Frameworks */,
				8D11072F0486CEB800E47090 /* Cocoa.framework in Frameworks */,
				0091D8F90E81B9330029341E /* OpenGL.framework in Frameworks */,
				5323E6B20EAFCA74003A9687 /* CoreVideo.framework in Frameworks */,
				00B784B30FF439BC000DE1D7 /* Accelerate.framework in Frameworks */,
				00B784B40FF439BC000DE1D7 /* AudioToolbox.framework in Frameworks */,
				00B784B50FF439BC000DE1D7 /* AudioUnit.framework in Frameworks */,
				00B784B60FF439BC000DE1D7 /* CoreAudio.framework in Frameworks */,
				00B9955A1B128DF400A5C623 /* IOKit.framework in Frameworks */,
				00B9955B1B128DF400A5C623 /* IOSurface.framework in Frameworks */,
			);
			runOnlyForDeploymentPostprocessing = 0;
		};
/* End PBXFrameworksBuildPhase section */

/* Begin PBXGroup section */
		01B97315FEAEA392516A2CEA /* Blocks */ = {
			isa = PBXGroup;
			children = (
				A28082EBFA4B4CD9B42992FF /* Base */,
				7168A493737E48C6A29DAFC7 /* Cinder-Warping */,
				C66FB2FB6ED54C76AC895078 /* OSC */,
			);
			name = Blocks;
			sourceTree = "<group>";
		};
		080E96DDFE201D6D7F000001 /* Source */ = {
			isa = PBXGroup;
			children = (
				505F84C0222EE744002AFC56 /* classes */,
				15BFE965442040CBBF7075BA /* LineProjector2App.cpp */,
			);
			name = Source;
			sourceTree = "<group>";
		};
		1058C7A0FEA54F0111CA2CBB /* Linked Frameworks */ = {
			isa = PBXGroup;
			children = (
				006D720219952D00008149E2 /* AVFoundation.framework */,
				006D720319952D00008149E2 /* CoreMedia.framework */,
				00B784AF0FF439BC000DE1D7 /* Accelerate.framework */,
				00B784B00FF439BC000DE1D7 /* AudioToolbox.framework */,
				00B784B10FF439BC000DE1D7 /* AudioUnit.framework */,
				00B784B20FF439BC000DE1D7 /* CoreAudio.framework */,
				5323E6B10EAFCA74003A9687 /* CoreVideo.framework */,
				0091D8F80E81B9330029341E /* OpenGL.framework */,
				1058C7A1FEA54F0111CA2CBB /* Cocoa.framework */,
				00B995581B128DF400A5C623 /* IOKit.framework */,
				00B995591B128DF400A5C623 /* IOSurface.framework */,
			);
			name = "Linked Frameworks";
			sourceTree = "<group>";
		};
		1058C7A2FEA54F0111CA2CBB /* Other Frameworks */ = {
			isa = PBXGroup;
			children = (
				29B97324FDCFA39411CA2CEA /* AppKit.framework */,
				29B97325FDCFA39411CA2CEA /* Foundation.framework */,
			);
			name = "Other Frameworks";
			sourceTree = "<group>";
		};
		1186BDF2D54D4E39AEBF0781 /* Notifications */ = {
			isa = PBXGroup;
			children = (
				2FCD182BEB6248D781756B20 /* NotificationLogger.h */,
				3CFCB388D2DF4BD290BC01D3 /* NotificationManager.h */,
				12E68E4B480B410FAEE52AA5 /* NotificationLogger.cpp */,
				CDEB39BD31374DDFA967AD84 /* NotificationManager.cpp */,
			);
			name = Notifications;
			sourceTree = "<group>";
		};
		19C28FACFE9D520D11CA2CBB /* Products */ = {
			isa = PBXGroup;
			children = (
				8D1107320486CEB800E47090 /* LineProjector2.app */,
			);
			name = Products;
			sourceTree = "<group>";
		};
		21850C996F8C4A8AAC5CDB4E /* Settings */ = {
			isa = PBXGroup;
			children = (
				89790A4ECC88428FB36A5FB5 /* SettingBase.h */,
				46042EDD41224BF89A06B7C4 /* SettingController.h */,
				3870AF2B245E41379142FFF5 /* SettingManager.h */,
				C0809B21E9D2410D9AD7E7F4 /* SettingString.h */,
				F14EC6BD85AB4C55A67D822A /* SettingController.cpp */,
				6FB99A42F634475F9ACC143A /* SettingManager.cpp */,
			);
			name = Settings;
			sourceTree = "<group>";
		};
		29B97314FDCFA39411CA2CEA /* LineProjector2 */ = {
			isa = PBXGroup;
			children = (
				01B97315FEAEA392516A2CEA /* Blocks */,
				29B97315FDCFA39411CA2CEA /* Headers */,
				080E96DDFE201D6D7F000001 /* Source */,
				29B97317FDCFA39411CA2CEA /* Resources */,
				29B97323FDCFA39411CA2CEA /* Frameworks */,
				19C28FACFE9D520D11CA2CBB /* Products */,
			);
			name = LineProjector2;
			sourceTree = "<group>";
		};
		29B97315FDCFA39411CA2CEA /* Headers */ = {
			isa = PBXGroup;
			children = (
				6C6F4407FD50461D9CB33C61 /* Resources.h */,
				0DE9C56F1185468590DF52E4 /* LineProjector2_Prefix.pch */,
			);
			name = Headers;
			sourceTree = "<group>";
		};
		29B97317FDCFA39411CA2CEA /* Resources */ = {
			isa = PBXGroup;
			children = (
				5B05071BD2324C7A86A63617 /* CinderApp.icns */,
				54B674F858B0467EB8804FDA /* Info.plist */,
			);
			name = Resources;
			sourceTree = "<group>";
		};
		29B97323FDCFA39411CA2CEA /* Frameworks */ = {
			isa = PBXGroup;
			children = (
				1058C7A0FEA54F0111CA2CBB /* Linked Frameworks */,
				1058C7A2FEA54F0111CA2CBB /* Other Frameworks */,
			);
			name = Frameworks;
			sourceTree = "<group>";
		};
		32D7211CCFA5458980FD0F9F /* src */ = {
			isa = PBXGroup;
			children = (
				386E1D50087146FC833429E2 /* poHelper.h */,
				87647F57AEB74E8E8EDBE54F /* Singleton.h */,
				1186BDF2D54D4E39AEBF0781 /* Notifications */,
				21850C996F8C4A8AAC5CDB4E /* Settings */,
			);
			name = src;
			sourceTree = "<group>";
		};
		3F0E7EEA258C4899A3669B3B /* include */ = {
			isa = PBXGroup;
			children = (
				18070AE9CF9E4D7DB2F21A22 /* Warp.h */,
			);
			name = include;
			sourceTree = "<group>";
		};
		4CB58EB14D2B410199C4D85B /* src */ = {
			isa = PBXGroup;
			children = (
				BAC9BA945EC64ABAAA01D1FC /* Warp.cpp */,
				276643A2E47B4DB69540EEAA /* WarpBilinear.cpp */,
				48EBA8E5DA884D319FC306B2 /* WarpPerspective.cpp */,
				3AC39CFC7677499D945B107A /* WarpPerspectiveBilinear.cpp */,
			);
			name = src;
			sourceTree = "<group>";
		};
		505F84C0222EE744002AFC56 /* classes */ = {
			isa = PBXGroup;
			children = (
				505F84C4222EE744002AFC56 /* BrushManager.cpp */,
				505F84C7222EE744002AFC56 /* BrushManager.h */,
				505F84C3222EE744002AFC56 /* Composition.cpp */,
				505F84C5222EE744002AFC56 /* Composition.hpp */,
				505F84C1222EE744002AFC56 /* GlobalSettings.cpp */,
				505F84C6222EE744002AFC56 /* GlobalSettings.h */,
				505F84C9222EE744002AFC56 /* Lab101Utils.h */,
				505F84C2222EE744002AFC56 /* NetworkHelper.cpp */,
				505F84CA222EE744002AFC56 /* NetworkHelper.h */,
				505F84C8222EE744002AFC56 /* WindowData.h */,
			);
			name = classes;
			path = ../src/classes;
			sourceTree = "<group>";
		};
		5B71CFD10EFD4014BC1F7076 /* osc */ = {
			isa = PBXGroup;
			children = (
				CA8E7BF48FC04B9488CE8D72 /* Osc.cpp */,
				B1F22C5BB9074395A5B63756 /* Osc.h */,
			);
			name = osc;
			sourceTree = "<group>";
		};
		7168A493737E48C6A29DAFC7 /* Cinder-Warping */ = {
			isa = PBXGroup;
			children = (
				3F0E7EEA258C4899A3669B3B /* include */,
				4CB58EB14D2B410199C4D85B /* src */,
			);
			name = "Cinder-Warping";
			sourceTree = "<group>";
		};
		A28082EBFA4B4CD9B42992FF /* Base */ = {
			isa = PBXGroup;
			children = (
				32D7211CCFA5458980FD0F9F /* src */,
			);
			name = Base;
			sourceTree = "<group>";
		};
		B783A8D58C074DBBB9CC6B23 /* src */ = {
			isa = PBXGroup;
			children = (
				F4118C0D10F04C31852DCBFB /* cinder */,
			);
			name = src;
			sourceTree = "<group>";
		};
		C66FB2FB6ED54C76AC895078 /* OSC */ = {
			isa = PBXGroup;
			children = (
				B783A8D58C074DBBB9CC6B23 /* src */,
			);
			name = OSC;
			sourceTree = "<group>";
		};
		F4118C0D10F04C31852DCBFB /* cinder */ = {
			isa = PBXGroup;
			children = (
				5B71CFD10EFD4014BC1F7076 /* osc */,
			);
			name = cinder;
			sourceTree = "<group>";
		};
/* End PBXGroup section */

/* Begin PBXNativeTarget section */
		8D1107260486CEB800E47090 /* LineProjector2 */ = {
			isa = PBXNativeTarget;
			buildConfigurationList = C01FCF4A08A954540054247B /* Build configuration list for PBXNativeTarget "LineProjector2" */;
			buildPhases = (
				8D1107290486CEB800E47090 /* Resources */,
				8D11072C0486CEB800E47090 /* Sources */,
				8D11072E0486CEB800E47090 /* Frameworks */,
			);
			buildRules = (
			);
			dependencies = (
			);
			name = LineProjector2;
			productInstallPath = "$(HOME)/Applications";
			productName = LineProjector2;
			productReference = 8D1107320486CEB800E47090 /* LineProjector2.app */;
			productType = "com.apple.product-type.application";
		};
/* End PBXNativeTarget section */

/* Begin PBXProject section */
		29B97313FDCFA39411CA2CEA /* Project object */ = {
			isa = PBXProject;
			attributes = {
			};
			buildConfigurationList = C01FCF4E08A954540054247B /* Build configuration list for PBXProject "LineProjector2" */;
			compatibilityVersion = "Xcode 3.2";
			developmentRegion = English;
			hasScannedForEncodings = 1;
			knownRegions = (
				English,
				Japanese,
				French,
				German,
			);
			mainGroup = 29B97314FDCFA39411CA2CEA /* LineProjector2 */;
			projectDirPath = "";
			projectRoot = "";
			targets = (
				8D1107260486CEB800E47090 /* LineProjector2 */,
			);
		};
/* End PBXProject section */

/* Begin PBXResourcesBuildPhase section */
		8D1107290486CEB800E47090 /* Resources */ = {
			isa = PBXResourcesBuildPhase;
			buildActionMask = 2147483647;
			files = (
				C90CB9869E9740ADB5A3449E /* CinderApp.icns in Resources */,
			);
			runOnlyForDeploymentPostprocessing = 0;
		};
/* End PBXResourcesBuildPhase section */

/* Begin PBXSourcesBuildPhase section */
		8D11072C0486CEB800E47090 /* Sources */ = {
			isa = PBXSourcesBuildPhase;
			buildActionMask = 2147483647;
			files = (
				DCB530845CCC4BF1B8C9156C /* LineProjector2App.cpp in Sources */,
				181A6485359A4A04AC5AED8E /* NotificationLogger.cpp in Sources */,
				E1D6B60D793E4AF38C3EAF6D /* NotificationManager.cpp in Sources */,
				505F84CC222EE744002AFC56 /* NetworkHelper.cpp in Sources */,
				158EAD9106DD4A5384AA445D /* SettingController.cpp in Sources */,
				33DBD6C853834710B2D89B85 /* SettingManager.cpp in Sources */,
				505F84CE222EE744002AFC56 /* BrushManager.cpp in Sources */,
				5A60C80110724ABFA6C791BA /* Warp.cpp in Sources */,
				27EC12BF46324CC6B9E35769 /* WarpBilinear.cpp in Sources */,
				3FC86CCAE3B94C949CCC8C8A /* WarpPerspective.cpp in Sources */,
				505F84CD222EE744002AFC56 /* Composition.cpp in Sources */,
				505F84CB222EE744002AFC56 /* GlobalSettings.cpp in Sources */,
				E69D33D4B4E4457F8F19DA9F /* WarpPerspectiveBilinear.cpp in Sources */,
				3907DBF166EC484389CB608B /* Osc.cpp in Sources */,
			);
			runOnlyForDeploymentPostprocessing = 0;
		};
/* End PBXSourcesBuildPhase section */

/* Begin XCBuildConfiguration section */
		C01FCF4B08A954540054247B /* Debug */ = {
			isa = XCBuildConfiguration;
			buildSettings = {
				COMBINE_HIDPI_IMAGES = YES;
				COPY_PHASE_STRIP = NO;
				DEAD_CODE_STRIPPING = YES;
				GCC_DYNAMIC_NO_PIC = NO;
				GCC_INLINES_ARE_PRIVATE_EXTERN = YES;
				GCC_OPTIMIZATION_LEVEL = 0;
				GCC_PRECOMPILE_PREFIX_HEADER = YES;
				GCC_PREFIX_HEADER = LineProjector2_Prefix.pch;
				GCC_PREPROCESSOR_DEFINITIONS = (
					"DEBUG=1",
					"$(inherited)",
				);
				GCC_SYMBOLS_PRIVATE_EXTERN = NO;
				INFOPLIST_FILE = Info.plist;
				INSTALL_PATH = "$(HOME)/Applications";
				OTHER_LDFLAGS = "\"$(CINDER_PATH)/lib/macosx/$(CONFIGURATION)/libcinder.a\"";
				PRODUCT_BUNDLE_IDENTIFIER = "org.libcinder.${PRODUCT_NAME:rfc1034identifier}";
				PRODUCT_NAME = LineProjector2;
				SYMROOT = ./build;
				WRAPPER_EXTENSION = app;
			};
			name = Debug;
		};
		C01FCF4C08A954540054247B /* Release */ = {
			isa = XCBuildConfiguration;
			buildSettings = {
				COMBINE_HIDPI_IMAGES = YES;
				DEAD_CODE_STRIPPING = YES;
				DEBUG_INFORMATION_FORMAT = "dwarf-with-dsym";
				GCC_FAST_MATH = YES;
				GCC_GENERATE_DEBUGGING_SYMBOLS = NO;
				GCC_INLINES_ARE_PRIVATE_EXTERN = YES;
				GCC_OPTIMIZATION_LEVEL = 3;
				GCC_PRECOMPILE_PREFIX_HEADER = YES;
				GCC_PREFIX_HEADER = LineProjector2_Prefix.pch;
				GCC_PREPROCESSOR_DEFINITIONS = (
					"NDEBUG=1",
					"$(inherited)",
				);
				GCC_SYMBOLS_PRIVATE_EXTERN = NO;
				INFOPLIST_FILE = Info.plist;
				INSTALL_PATH = "$(HOME)/Applications";
				OTHER_LDFLAGS = "\"$(CINDER_PATH)/lib/macosx/$(CONFIGURATION)/libcinder.a\"";
				PRODUCT_BUNDLE_IDENTIFIER = "org.libcinder.${PRODUCT_NAME:rfc1034identifier}";
				PRODUCT_NAME = LineProjector2;
				STRIP_INSTALLED_PRODUCT = YES;
				SYMROOT = ./build;
				WRAPPER_EXTENSION = app;
			};
			name = Release;
		};
		C01FCF4F08A954540054247B /* Debug */ = {
			isa = XCBuildConfiguration;
			buildSettings = {
				ALWAYS_SEARCH_USER_PATHS = NO;
				CINDER_PATH = ../../../cinder_master;
				CLANG_CXX_LANGUAGE_STANDARD = "c++11";
				CLANG_CXX_LIBRARY = "libc++";
				ENABLE_TESTABILITY = YES;
				GCC_WARN_ABOUT_RETURN_TYPE = YES;
				GCC_WARN_UNUSED_VARIABLE = YES;
				HEADER_SEARCH_PATHS = "\"$(CINDER_PATH)/include\"";
				MACOSX_DEPLOYMENT_TARGET = 10.8;
				ONLY_ACTIVE_ARCH = YES;
				SDKROOT = macosx;
				USER_HEADER_SEARCH_PATHS = "\"$(CINDER_PATH)/include\" ../include ../blocks/Base/src \"../blocks/Cinder-Warping/include\" ../blocks/OSC/src";
			};
			name = Debug;
		};
		C01FCF5008A954540054247B /* Release */ = {
			isa = XCBuildConfiguration;
			buildSettings = {
				ALWAYS_SEARCH_USER_PATHS = NO;
				CINDER_PATH = ../../../cinder_master;
				CLANG_CXX_LANGUAGE_STANDARD = "c++11";
				CLANG_CXX_LIBRARY = "libc++";
				GCC_WARN_ABOUT_RETURN_TYPE = YES;
				GCC_WARN_UNUSED_VARIABLE = YES;
				HEADER_SEARCH_PATHS = "\"$(CINDER_PATH)/include\"";
				MACOSX_DEPLOYMENT_TARGET = 10.8;
				SDKROOT = macosx;
				USER_HEADER_SEARCH_PATHS = "\"$(CINDER_PATH)/include\" ../include ../blocks/Base/src \"../blocks/Cinder-Warping/include\" ../blocks/OSC/src";
			};
			name = Release;
		};
/* End XCBuildConfiguration section */

/* Begin XCConfigurationList section */
		C01FCF4A08A954540054247B /* Build configuration list for PBXNativeTarget "LineProjector2" */ = {
			isa = XCConfigurationList;
			buildConfigurations = (
				C01FCF4B08A954540054247B /* Debug */,
				C01FCF4C08A954540054247B /* Release */,
			);
			defaultConfigurationIsVisible = 0;
			defaultConfigurationName = Release;
		};
		C01FCF4E08A954540054247B /* Build configuration list for PBXProject "LineProjector2" */ = {
			isa = XCConfigurationList;
			buildConfigurations = (
				C01FCF4F08A954540054247B /* Debug */,
				C01FCF5008A954540054247B /* Release */,
			);
			defaultConfigurationIsVisible = 0;
			defaultConfigurationName = Release;
		};
/* End XCConfigurationList section */
	};
	rootObject = 29B97313FDCFA39411CA2CEA /* Project object */;
}
